
Microsoft Visual Studio Solution File, Format Version 12.00
# Visual Studio Express 2013 for Windows Desktop
VisualStudioVersion = 12.0.40629.0
MinimumVisualStudioVersion = 10.0.40219.1
Project("{8BC9CEB8-8B4A-11D0-8D11-00A0C91BC942}") = "collisionDetection", "collisionDetection\collisionDetection.vcxproj", "{3717D6F3-AEB3-40BF-B958-94D2D42D06BF}"
EndProject
Global
	GlobalSection(SolutionConfigurationPlatforms) = preSolution
		Debug|Win32 = Debug|Win32
		Release|Win32 = Release|Win32
	EndGlobalSection
	GlobalSection(ProjectConfigurationPlatforms) = postSolution
		{3717D6F3-AEB3-40BF-B958-94D2D42D06BF}.Debug|Win32.ActiveCfg = Debug|Win32
		{3717D6F3-AEB3-40BF-B958-94D2D42D06BF}.Debug|Win32.Build.0 = Debug|Win32
		{3717D6F3-AEB3-40BF-B958-94D2D42D06BF}.Release|Win32.ActiveCfg = Release|Win32
		{3717D6F3-AEB3-40BF-B958-94D2D42D06BF}.Release|Win32.Build.0 = Release|Win32
	EndGlobalSection
	GlobalSection(SolutionProperties) = preSolution
		HideSolutionNode = FALSE
	EndGlobalSection
EndGlobal
